
Microsoft Visual Studio Solution File, Format Version 12.00
# Visual Studio Version 17
VisualStudioVersion = 17.3.32929.385
MinimumVisualStudioVersion = 10.0.40219.1
Project("{FAE04EC0-301F-11D3-BF4B-00C04F79EFBC}") = "ReedBooks", "ReedBooks.csproj", "{F60750B5-CEE2-4580-82F9-DC1C2577A344}"
EndProject
Project("{FAE04EC0-301F-11D3-BF4B-00C04F79EFBC}") = "Updater", "Updater\Updater.csproj", "{556CEF67-E95D-4DAD-80A5-2A893CA0D518}"
EndProject
Global
	GlobalSection(SolutionConfigurationPlatforms) = preSolution
		Debug|Any CPU = Debug|Any CPU
		Release|Any CPU = Release|Any CPU
	EndGlobalSection
	GlobalSection(ProjectConfigurationPlatforms) = postSolution
		{F60750B5-CEE2-4580-82F9-DC1C2577A344}.Debug|Any CPU.ActiveCfg = Debug|Any CPU
		{F60750B5-CEE2-4580-82F9-DC1C2577A344}.Debug|Any CPU.Build.0 = Debug|Any CPU
		{F60750B5-CEE2-4580-82F9-DC1C2577A344}.Release|Any CPU.ActiveCfg = Release|Any CPU
		{F60750B5-CEE2-4580-82F9-DC1C2577A344}.Release|Any CPU.Build.0 = Release|Any CPU
		{556CEF67-E95D-4DAD-80A5-2A893CA0D518}.Debug|Any CPU.ActiveCfg = Debug|Any CPU
		{556CEF67-E95D-4DAD-80A5-2A893CA0D518}.Debug|Any CPU.Build.0 = Debug|Any CPU
		{556CEF67-E95D-4DAD-80A5-2A893CA0D518}.Release|Any CPU.ActiveCfg = Release|Any CPU
		{556CEF67-E95D-4DAD-80A5-2A893CA0D518}.Release|Any CPU.Build.0 = Release|Any CPU
	EndGlobalSection
	GlobalSection(SolutionProperties) = preSolution
		HideSolutionNode = FALSE
	EndGlobalSection
	GlobalSection(ExtensibilityGlobals) = postSolution
		SolutionGuid = {2EAEC6DE-CCBF-49A5-9886-0500D1AE05A0}
	EndGlobalSection
EndGlobal
